
Microsoft Visual Studio Solution File, Format Version 12.00
# Visual Studio Version 17
VisualStudioVersion = 17.3.32708.82
MinimumVisualStudioVersion = 10.0.40219.1
Project("{FAE04EC0-301F-11D3-BF4B-00C04F79EFBC}") = "BlazorSvrGitPlay", "BlazorSvrGitPlay.csproj", "{B43A2C50-9BA8-43F3-887C-C59076B2E4EC}"
EndProject
Global
	GlobalSection(SolutionConfigurationPlatforms) = preSolution
		Debug|Any CPU = Debug|Any CPU
		Release|Any CPU = Release|Any CPU
	EndGlobalSection
	GlobalSection(ProjectConfigurationPlatforms) = postSolution
		{B43A2C50-9BA8-43F3-887C-C59076B2E4EC}.Debug|Any CPU.ActiveCfg = Debug|Any CPU
		{B43A2C50-9BA8-43F3-887C-C59076B2E4EC}.Debug|Any CPU.Build.0 = Debug|Any CPU
		{B43A2C50-9BA8-43F3-887C-C59076B2E4EC}.Release|Any CPU.ActiveCfg = Release|Any CPU
		{B43A2C50-9BA8-43F3-887C-C59076B2E4EC}.Release|Any CPU.Build.0 = Release|Any CPU
	EndGlobalSection
	GlobalSection(SolutionProperties) = preSolution
		HideSolutionNode = FALSE
	EndGlobalSection
	GlobalSection(ExtensibilityGlobals) = postSolution
		SolutionGuid = {A5330EA5-4B54-4B3C-B33D-19145BE3B55D}
	EndGlobalSection
EndGlobal
